
Microsoft Visual Studio Solution File, Format Version 12.00
# Visual Studio 15
VisualStudioVersion = 15.0.26730.12
MinimumVisualStudioVersion = 10.0.40219.1
Project("{FAE04EC0-301F-11D3-BF4B-00C04F79EFBC}") = "CORESubscriber", "CORESubscriber\CORESubscriber.csproj", "{58BD7B3B-649E-4E2D-A8C6-694BEA9810F4}"
EndProject
Global
	GlobalSection(SolutionConfigurationPlatforms) = preSolution
		Debug|Any CPU = Debug|Any CPU
		Release|Any CPU = Release|Any CPU
	EndGlobalSection
	GlobalSection(ProjectConfigurationPlatforms) = postSolution
		{58BD7B3B-649E-4E2D-A8C6-694BEA9810F4}.Debug|Any CPU.ActiveCfg = Debug|Any CPU
		{58BD7B3B-649E-4E2D-A8C6-694BEA9810F4}.Debug|Any CPU.Build.0 = Debug|Any CPU
		{58BD7B3B-649E-4E2D-A8C6-694BEA9810F4}.Release|Any CPU.ActiveCfg = Release|Any CPU
		{58BD7B3B-649E-4E2D-A8C6-694BEA9810F4}.Release|Any CPU.Build.0 = Release|Any CPU
	EndGlobalSection
	GlobalSection(SolutionProperties) = preSolution
		HideSolutionNode = FALSE
	EndGlobalSection
	GlobalSection(ExtensibilityGlobals) = postSolution
		SolutionGuid = {51E93B05-CACF-4C20-8D9B-E3AF6CA9779A}
	EndGlobalSection
EndGlobal
